// !$*UTF8*$!
{
	archiveVersion = 1;
	classes = {
	};
	objectVersion = 56;
	objects = {

/* Begin PBXBuildFile section */
		CECD3A7C2A9EF53F001FDB9E /* AppDelegate.swift in Sources */ = {isa = PBXBuildFile; fileRef = CECD3A7B2A9EF53F001FDB9E /* AppDelegate.swift */; };
		CECD3A7E2A9EF53F001FDB9E /* GameScene.sks in Resources */ = {isa = PBXBuildFile; fileRef = CECD3A7D2A9EF53F001FDB9E /* GameScene.sks */; };
		CECD3A802A9EF53F001FDB9E /* Actions.sks in Resources */ = {isa = PBXBuildFile; fileRef = CECD3A7F2A9EF53F001FDB9E /* Actions.sks */; };
		CECD3A822A9EF53F001FDB9E /* GameScene.swift in Sources */ = {isa = PBXBuildFile; fileRef = CECD3A812A9EF53F001FDB9E /* GameScene.swift */; };
		CECD3A842A9EF53F001FDB9E /* GameViewController.swift in Sources */ = {isa = PBXBuildFile; fileRef = CECD3A832A9EF53F001FDB9E /* GameViewController.swift */; };
		CECD3A872A9EF53F001FDB9E /* Main.storyboard in Resources */ = {isa = PBXBuildFile; fileRef = CECD3A852A9EF53F001FDB9E /* Main.storyboard */; };
		CECD3A892A9EF541001FDB9E /* Assets.xcassets in Resources */ = {isa = PBXBuildFile; fileRef = CECD3A882A9EF541001FDB9E /* Assets.xcassets */; };
		CECD3A8C2A9EF541001FDB9E /* LaunchScreen.storyboard in Resources */ = {isa = PBXBuildFile; fileRef = CECD3A8A2A9EF541001FDB9E /* LaunchScreen.storyboard */; };
		CECD3A992A9F7765001FDB9E /* CGPoint+Ext.swift in Sources */ = {isa = PBXBuildFile; fileRef = CECD3A982A9F7765001FDB9E /* CGPoint+Ext.swift */; };
		CECD3A9B2AA05E5A001FDB9E /* CGFloat+Ext.swift in Sources */ = {isa = PBXBuildFile; fileRef = CECD3A9A2AA05E5A001FDB9E /* CGFloat+Ext.swift */; };
		CECD3A9E2AA1D675001FDB9E /* Types.swift in Sources */ = {isa = PBXBuildFile; fileRef = CECD3A9D2AA1D675001FDB9E /* Types.swift */; };
		CECD3AA52AA3115B001FDB9E /* ScoreGenerator.swift in Sources */ = {isa = PBXBuildFile; fileRef = CECD3AA42AA3115B001FDB9E /* ScoreGenerator.swift */; };
		CECD3AA72AA31321001FDB9E /* MainMenuScene.swift in Sources */ = {isa = PBXBuildFile; fileRef = CECD3AA62AA31321001FDB9E /* MainMenuScene.swift */; };
		CECD3AA92AA4579F001FDB9E /* GameOver.swift in Sources */ = {isa = PBXBuildFile; fileRef = CECD3AA82AA4579F001FDB9E /* GameOver.swift */; };
		CECD3AAF2AA463AB001FDB9E /* SKAction+Ext.swift in Sources */ = {isa = PBXBuildFile; fileRef = CECD3AAE2AA463AB001FDB9E /* SKAction+Ext.swift */; };
		CECD3AB32AA474E7001FDB9E /* Krungthep.ttf in Resources */ = {isa = PBXBuildFile; fileRef = CECD3AB22AA474E7001FDB9E /* Krungthep.ttf */; };
		CECD3AB52AA47659001FDB9E /* Sound in Resources */ = {isa = PBXBuildFile; fileRef = CECD3AB42AA47659001FDB9E /* Sound */; };
		CECD3AB72AA47802001FDB9E /* SKTAudio.swift in Sources */ = {isa = PBXBuildFile; fileRef = CECD3AB62AA47802001FDB9E /* SKTAudio.swift */; };
/* End PBXBuildFile section */

/* Begin PBXFileReference section */
		CECD3A782A9EF53F001FDB9E /* Cheems Journey.app */ = {isa = PBXFileReference; explicitFileType = wrapper.application; includeInIndex = 0; path = "Cheems Journey.app"; sourceTree = BUILT_PRODUCTS_DIR; };
		CECD3A7B2A9EF53F001FDB9E /* AppDelegate.swift */ = {isa = PBXFileReference; lastKnownFileType = sourcecode.swift; path = AppDelegate.swift; sourceTree = "<group>"; };
		CECD3A7D2A9EF53F001FDB9E /* GameScene.sks */ = {isa = PBXFileReference; lastKnownFileType = file.sks; path = GameScene.sks; sourceTree = "<group>"; };
		CECD3A7F2A9EF53F001FDB9E /* Actions.sks */ = {isa = PBXFileReference; lastKnownFileType = file.sks; path = Actions.sks; sourceTree = "<group>"; };
		CECD3A812A9EF53F001FDB9E /* GameScene.swift */ = {isa = PBXFileReference; lastKnownFileType = sourcecode.swift; path = GameScene.swift; sourceTree = "<group>"; };
		CECD3A832A9EF53F001FDB9E /* GameViewController.swift */ = {isa = PBXFileReference; lastKnownFileType = sourcecode.swift; path = GameViewController.swift; sourceTree = "<group>"; };
		CECD3A862A9EF53F001FDB9E /* Base */ = {isa = PBXFileReference; lastKnownFileType = file.storyboard; name = Base; path = Base.lproj/Main.storyboard; sourceTree = "<group>"; };
		CECD3A882A9EF541001FDB9E /* Assets.xcassets */ = {isa = PBXFileReference; lastKnownFileType = folder.assetcatalog; path = Assets.xcassets; sourceTree = "<group>"; };
		CECD3A8B2A9EF541001FDB9E /* Base */ = {isa = PBXFileReference; lastKnownFileType = file.storyboard; name = Base; path = Base.lproj/LaunchScreen.storyboard; sourceTree = "<group>"; };
		CECD3A982A9F7765001FDB9E /* CGPoint+Ext.swift */ = {isa = PBXFileReference; lastKnownFileType = sourcecode.swift; path = "CGPoint+Ext.swift"; sourceTree = "<group>"; };
		CECD3A9A2AA05E5A001FDB9E /* CGFloat+Ext.swift */ = {isa = PBXFileReference; lastKnownFileType = sourcecode.swift; path = "CGFloat+Ext.swift"; sourceTree = "<group>"; };
		CECD3A9D2AA1D675001FDB9E /* Types.swift */ = {isa = PBXFileReference; lastKnownFileType = sourcecode.swift; path = Types.swift; sourceTree = "<group>"; };
		CECD3A9F2AA1E008001FDB9E /* Cheems-Journey-Info.plist */ = {isa = PBXFileReference; lastKnownFileType = text.plist; path = "Cheems-Journey-Info.plist"; sourceTree = SOURCE_ROOT; };
		CECD3AA42AA3115B001FDB9E /* ScoreGenerator.swift */ = {isa = PBXFileReference; lastKnownFileType = sourcecode.swift; path = ScoreGenerator.swift; sourceTree = "<group>"; };
		CECD3AA62AA31321001FDB9E /* MainMenuScene.swift */ = {isa = PBXFileReference; lastKnownFileType = sourcecode.swift; path = MainMenuScene.swift; sourceTree = "<group>"; };
		CECD3AA82AA4579F001FDB9E /* GameOver.swift */ = {isa = PBXFileReference; lastKnownFileType = sourcecode.swift; path = GameOver.swift; sourceTree = "<group>"; };
		CECD3AAE2AA463AB001FDB9E /* SKAction+Ext.swift */ = {isa = PBXFileReference; lastKnownFileType = sourcecode.swift; path = "SKAction+Ext.swift"; sourceTree = "<group>"; };
		CECD3AB22AA474E7001FDB9E /* Krungthep.ttf */ = {isa = PBXFileReference; lastKnownFileType = file; path = Krungthep.ttf; sourceTree = "<group>"; };
		CECD3AB42AA47659001FDB9E /* Sound */ = {isa = PBXFileReference; fileEncoding = 4; lastKnownFileType = folder; name = Sound; path = "Cheems Journey/Sound"; sourceTree = SOURCE_ROOT; };
		CECD3AB62AA47802001FDB9E /* SKTAudio.swift */ = {isa = PBXFileReference; lastKnownFileType = sourcecode.swift; path = SKTAudio.swift; sourceTree = "<group>"; };
/* End PBXFileReference section */

/* Begin PBXFrameworksBuildPhase section */
		CECD3A752A9EF53F001FDB9E /* Frameworks */ = {
			isa = PBXFrameworksBuildPhase;
			buildActionMask = 2147483647;
			files = (
			);
			runOnlyForDeploymentPostprocessing = 0;
		};
/* End PBXFrameworksBuildPhase section */

/* Begin PBXGroup section */
		CECD3A6F2A9EF53F001FDB9E = {
			isa = PBXGroup;
			children = (
				CECD3A7A2A9EF53F001FDB9E /* Cheems Journey */,
				CECD3A792A9EF53F001FDB9E /* Products */,
			);
			sourceTree = "<group>";
		};
		CECD3A792A9EF53F001FDB9E /* Products */ = {
			isa = PBXGroup;
			children = (
				CECD3A782A9EF53F001FDB9E /* Cheems Journey.app */,
			);
			name = Products;
			sourceTree = "<group>";
		};
		CECD3A7A2A9EF53F001FDB9E /* Cheems Journey */ = {
			isa = PBXGroup;
			children = (
				CECD3AB42AA47659001FDB9E /* Sound */,
				CECD3A972A9F773B001FDB9E /* MyUtils */,
				CECD3A9F2AA1E008001FDB9E /* Cheems-Journey-Info.plist */,
				CECD3A9C2AA1D663001FDB9E /* Types */,
				CECD3A7B2A9EF53F001FDB9E /* AppDelegate.swift */,
				CECD3A7D2A9EF53F001FDB9E /* GameScene.sks */,
				CECD3A7F2A9EF53F001FDB9E /* Actions.sks */,
				CECD3A922A9EF55D001FDB9E /* Scenes */,
				CECD3A932A9EF564001FDB9E /* Controllers */,
				CECD3A942A9EF576001FDB9E /* Resources */,
			);
			path = "Cheems Journey";
			sourceTree = "<group>";
		};
		CECD3A922A9EF55D001FDB9E /* Scenes */ = {
			isa = PBXGroup;
			children = (
				CECD3AA62AA31321001FDB9E /* MainMenuScene.swift */,
				CECD3A812A9EF53F001FDB9E /* GameScene.swift */,
				CECD3AA82AA4579F001FDB9E /* GameOver.swift */,
			);
			path = Scenes;
			sourceTree = "<group>";
		};
		CECD3A932A9EF564001FDB9E /* Controllers */ = {
			isa = PBXGroup;
			children = (
				CECD3A832A9EF53F001FDB9E /* GameViewController.swift */,
			);
			path = Controllers;
			sourceTree = "<group>";
		};
		CECD3A942A9EF576001FDB9E /* Resources */ = {
			isa = PBXGroup;
			children = (
				CECD3AB22AA474E7001FDB9E /* Krungthep.ttf */,
				CECD3A852A9EF53F001FDB9E /* Main.storyboard */,
				CECD3A882A9EF541001FDB9E /* Assets.xcassets */,
				CECD3A8A2A9EF541001FDB9E /* LaunchScreen.storyboard */,
			);
			path = Resources;
			sourceTree = "<group>";
		};
		CECD3A972A9F773B001FDB9E /* MyUtils */ = {
			isa = PBXGroup;
			children = (
				CECD3A982A9F7765001FDB9E /* CGPoint+Ext.swift */,
				CECD3A9A2AA05E5A001FDB9E /* CGFloat+Ext.swift */,
				CECD3AAE2AA463AB001FDB9E /* SKAction+Ext.swift */,
				CECD3AB62AA47802001FDB9E /* SKTAudio.swift */,
			);
			path = MyUtils;
			sourceTree = "<group>";
		};
		CECD3A9C2AA1D663001FDB9E /* Types */ = {
			isa = PBXGroup;
			children = (
				CECD3A9D2AA1D675001FDB9E /* Types.swift */,
				CECD3AA42AA3115B001FDB9E /* ScoreGenerator.swift */,
			);
			path = Types;
			sourceTree = "<group>";
		};
/* End PBXGroup section */

/* Begin PBXNativeTarget section */
		CECD3A772A9EF53F001FDB9E /* Cheems Journey */ = {
			isa = PBXNativeTarget;
			buildConfigurationList = CECD3A8F2A9EF541001FDB9E /* Build configuration list for PBXNativeTarget "Cheems Journey" */;
			buildPhases = (
				CECD3A742A9EF53F001FDB9E /* Sources */,
				CECD3A752A9EF53F001FDB9E /* Frameworks */,
				CECD3A762A9EF53F001FDB9E /* Resources */,
			);
			buildRules = (
			);
			dependencies = (
			);
			name = "Cheems Journey";
			productName = "Cheems Journey";
			productReference = CECD3A782A9EF53F001FDB9E /* Cheems Journey.app */;
			productType = "com.apple.product-type.application";
		};
/* End PBXNativeTarget section */

/* Begin PBXProject section */
		CECD3A702A9EF53F001FDB9E /* Project object */ = {
			isa = PBXProject;
			attributes = {
				BuildIndependentTargetsInParallel = 1;
				LastSwiftUpdateCheck = 1430;
				LastUpgradeCheck = 1430;
				TargetAttributes = {
					CECD3A772A9EF53F001FDB9E = {
						CreatedOnToolsVersion = 14.3.1;
					};
				};
			};
			buildConfigurationList = CECD3A732A9EF53F001FDB9E /* Build configuration list for PBXProject "Cheems Journey" */;
			compatibilityVersion = "Xcode 14.0";
			developmentRegion = en;
			hasScannedForEncodings = 0;
			knownRegions = (
				en,
				Base,
			);
			mainGroup = CECD3A6F2A9EF53F001FDB9E;
			productRefGroup = CECD3A792A9EF53F001FDB9E /* Products */;
			projectDirPath = "";
			projectRoot = "";
			targets = (
				CECD3A772A9EF53F001FDB9E /* Cheems Journey */,
			);
		};
/* End PBXProject section */

/* Begin PBXResourcesBuildPhase section */
		CECD3A762A9EF53F001FDB9E /* Resources */ = {
			isa = PBXResourcesBuildPhase;
			buildActionMask = 2147483647;
			files = (
				CECD3A872A9EF53F001FDB9E /* Main.storyboard in Resources */,
				CECD3AB52AA47659001FDB9E /* Sound in Resources */,
				CECD3A7E2A9EF53F001FDB9E /* GameScene.sks in Resources */,
				CECD3AB32AA474E7001FDB9E /* Krungthep.ttf in Resources */,
				CECD3A892A9EF541001FDB9E /* Assets.xcassets in Resources */,
				CECD3A8C2A9EF541001FDB9E /* LaunchScreen.storyboard in Resources */,
				CECD3A802A9EF53F001FDB9E /* Actions.sks in Resources */,
			);
			runOnlyForDeploymentPostprocessing = 0;
		};
/* End PBXResourcesBuildPhase section */

/* Begin PBXSourcesBuildPhase section */
		CECD3A742A9EF53F001FDB9E /* Sources */ = {
			isa = PBXSourcesBuildPhase;
			buildActionMask = 2147483647;
			files = (
				CECD3A992A9F7765001FDB9E /* CGPoint+Ext.swift in Sources */,
				CECD3A822A9EF53F001FDB9E /* GameScene.swift in Sources */,
				CECD3AA52AA3115B001FDB9E /* ScoreGenerator.swift in Sources */,
				CECD3AAF2AA463AB001FDB9E /* SKAction+Ext.swift in Sources */,
				CECD3AA92AA4579F001FDB9E /* GameOver.swift in Sources */,
				CECD3AB72AA47802001FDB9E /* SKTAudio.swift in Sources */,
				CECD3A842A9EF53F001FDB9E /* GameViewController.swift in Sources */,
				CECD3A9E2AA1D675001FDB9E /* Types.swift in Sources */,
				CECD3A9B2AA05E5A001FDB9E /* CGFloat+Ext.swift in Sources */,
				CECD3AA72AA31321001FDB9E /* MainMenuScene.swift in Sources */,
				CECD3A7C2A9EF53F001FDB9E /* AppDelegate.swift in Sources */,
			);
			runOnlyForDeploymentPostprocessing = 0;
		};
/* End PBXSourcesBuildPhase section */

/* Begin PBXVariantGroup section */
		CECD3A852A9EF53F001FDB9E /* Main.storyboard */ = {
			isa = PBXVariantGroup;
			children = (
				CECD3A862A9EF53F001FDB9E /* Base */,
			);
			name = Main.storyboard;
			sourceTree = "<group>";
		};
		CECD3A8A2A9EF541001FDB9E /* LaunchScreen.storyboard */ = {
			isa = PBXVariantGroup;
			children = (
				CECD3A8B2A9EF541001FDB9E /* Base */,
			);
			name = LaunchScreen.storyboard;
			sourceTree = "<group>";
		};
/* End PBXVariantGroup section */

/* Begin XCBuildConfiguration section */
		CECD3A8D2A9EF541001FDB9E /* Debug */ = {
			isa = XCBuildConfiguration;
			buildSettings = {
				ALWAYS_SEARCH_USER_PATHS = NO;
				CLANG_ANALYZER_NONNULL = YES;
				CLANG_ANALYZER_NUMBER_OBJECT_CONVERSION = YES_AGGRESSIVE;
				CLANG_CXX_LANGUAGE_STANDARD = "gnu++20";
				CLANG_ENABLE_MODULES = YES;
				CLANG_ENABLE_OBJC_ARC = YES;
				CLANG_ENABLE_OBJC_WEAK = YES;
				CLANG_WARN_BLOCK_CAPTURE_AUTORELEASING = YES;
				CLANG_WARN_BOOL_CONVERSION = YES;
				CLANG_WARN_COMMA = YES;
				CLANG_WARN_CONSTANT_CONVERSION = YES;
				CLANG_WARN_DEPRECATED_OBJC_IMPLEMENTATIONS = YES;
				CLANG_WARN_DIRECT_OBJC_ISA_USAGE = YES_ERROR;
				CLANG_WARN_DOCUMENTATION_COMMENTS = YES;
				CLANG_WARN_EMPTY_BODY = YES;
				CLANG_WARN_ENUM_CONVERSION = YES;
				CLANG_WARN_INFINITE_RECURSION = YES;
				CLANG_WARN_INT_CONVERSION = YES;
				CLANG_WARN_NON_LITERAL_NULL_CONVERSION = YES;
				CLANG_WARN_OBJC_IMPLICIT_RETAIN_SELF = YES;
				CLANG_WARN_OBJC_LITERAL_CONVERSION = YES;
				CLANG_WARN_OBJC_ROOT_CLASS = YES_ERROR;
				CLANG_WARN_QUOTED_INCLUDE_IN_FRAMEWORK_HEADER = YES;
				CLANG_WARN_RANGE_LOOP_ANALYSIS = YES;
				CLANG_WARN_STRICT_PROTOTYPES = YES;
				CLANG_WARN_SUSPICIOUS_MOVE = YES;
				CLANG_WARN_UNGUARDED_AVAILABILITY = YES_AGGRESSIVE;
				CLANG_WARN_UNREACHABLE_CODE = YES;
				CLANG_WARN__DUPLICATE_METHOD_MATCH = YES;
				COPY_PHASE_STRIP = NO;
				DEBUG_INFORMATION_FORMAT = dwarf;
				ENABLE_STRICT_OBJC_MSGSEND = YES;
				ENABLE_TESTABILITY = YES;
				GCC_C_LANGUAGE_STANDARD = gnu11;
				GCC_DYNAMIC_NO_PIC = NO;
				GCC_NO_COMMON_BLOCKS = YES;
				GCC_OPTIMIZATION_LEVEL = 0;
				GCC_PREPROCESSOR_DEFINITIONS = (
					"DEBUG=1",
					"$(inherited)",
				);
				GCC_WARN_64_TO_32_BIT_CONVERSION = YES;
				GCC_WARN_ABOUT_RETURN_TYPE = YES_ERROR;
				GCC_WARN_UNDECLARED_SELECTOR = YES;
				GCC_WARN_UNINITIALIZED_AUTOS = YES_AGGRESSIVE;
				GCC_WARN_UNUSED_FUNCTION = YES;
				GCC_WARN_UNUSED_VARIABLE = YES;
				IPHONEOS_DEPLOYMENT_TARGET = 16.4;
				MTL_ENABLE_DEBUG_INFO = INCLUDE_SOURCE;
				MTL_FAST_MATH = YES;
				ONLY_ACTIVE_ARCH = YES;
				SDKROOT = iphoneos;
				SWIFT_ACTIVE_COMPILATION_CONDITIONS = DEBUG;
				SWIFT_OPTIMIZATION_LEVEL = "-Onone";
			};
			name = Debug;
		};
		CECD3A8E2A9EF541001FDB9E /* Release */ = {
			isa = XCBuildConfiguration;
			buildSettings = {
				ALWAYS_SEARCH_USER_PATHS = NO;
				CLANG_ANALYZER_NONNULL = YES;
				CLANG_ANALYZER_NUMBER_OBJECT_CONVERSION = YES_AGGRESSIVE;
				CLANG_CXX_LANGUAGE_STANDARD = "gnu++20";
				CLANG_ENABLE_MODULES = YES;
				CLANG_ENABLE_OBJC_ARC = YES;
				CLANG_ENABLE_OBJC_WEAK = YES;
				CLANG_WARN_BLOCK_CAPTURE_AUTORELEASING = YES;
				CLANG_WARN_BOOL_CONVERSION = YES;
				CLANG_WARN_COMMA = YES;
				CLANG_WARN_CONSTANT_CONVERSION = YES;
				CLANG_WARN_DEPRECATED_OBJC_IMPLEMENTATIONS = YES;
				CLANG_WARN_DIRECT_OBJC_ISA_USAGE = YES_ERROR;
				CLANG_WARN_DOCUMENTATION_COMMENTS = YES;
				CLANG_WARN_EMPTY_BODY = YES;
				CLANG_WARN_ENUM_CONVERSION = YES;
				CLANG_WARN_INFINITE_RECURSION = YES;
				CLANG_WARN_INT_CONVERSION = YES;
				CLANG_WARN_NON_LITERAL_NULL_CONVERSION = YES;
				CLANG_WARN_OBJC_IMPLICIT_RETAIN_SELF = YES;
				CLANG_WARN_OBJC_LITERAL_CONVERSION = YES;
				CLANG_WARN_OBJC_ROOT_CLASS = YES_ERROR;
				CLANG_WARN_QUOTED_INCLUDE_IN_FRAMEWORK_HEADER = YES;
				CLANG_WARN_RANGE_LOOP_ANALYSIS = YES;
				CLANG_WARN_STRICT_PROTOTYPES = YES;
				CLANG_WARN_SUSPICIOUS_MOVE = YES;
				CLANG_WARN_UNGUARDED_AVAILABILITY = YES_AGGRESSIVE;
				CLANG_WARN_UNREACHABLE_CODE = YES;
				CLANG_WARN__DUPLICATE_METHOD_MATCH = YES;
				COPY_PHASE_STRIP = NO;
				DEBUG_INFORMATION_FORMAT = "dwarf-with-dsym";
				ENABLE_NS_ASSERTIONS = NO;
				ENABLE_STRICT_OBJC_MSGSEND = YES;
				GCC_C_LANGUAGE_STANDARD = gnu11;
				GCC_NO_COMMON_BLOCKS = YES;
				GCC_WARN_64_TO_32_BIT_CONVERSION = YES;
				GCC_WARN_ABOUT_RETURN_TYPE = YES_ERROR;
				GCC_WARN_UNDECLARED_SELECTOR = YES;
				GCC_WARN_UNINITIALIZED_AUTOS = YES_AGGRESSIVE;
				GCC_WARN_UNUSED_FUNCTION = YES;
				GCC_WARN_UNUSED_VARIABLE = YES;
				IPHONEOS_DEPLOYMENT_TARGET = 16.4;
				MTL_ENABLE_DEBUG_INFO = NO;
				MTL_FAST_MATH = YES;
				SDKROOT = iphoneos;
				SWIFT_COMPILATION_MODE = wholemodule;
				SWIFT_OPTIMIZATION_LEVEL = "-O";
				VALIDATE_PRODUCT = YES;
			};
			name = Release;
		};
		CECD3A902A9EF541001FDB9E /* Debug */ = {
			isa = XCBuildConfiguration;
			buildSettings = {
				ASSETCATALOG_COMPILER_APPICON_NAME = AppIcon;
				ASSETCATALOG_COMPILER_GLOBAL_ACCENT_COLOR_NAME = AccentColor;
				CODE_SIGN_STYLE = Automatic;
				CURRENT_PROJECT_VERSION = 1;
				GENERATE_INFOPLIST_FILE = YES;
				INFOPLIST_FILE = "Cheems-Journey-Info.plist";
				INFOPLIST_KEY_UIApplicationSupportsIndirectInputEvents = YES;
				INFOPLIST_KEY_UILaunchStoryboardName = LaunchScreen;
				INFOPLIST_KEY_UIMainStoryboardFile = Main;
				INFOPLIST_KEY_UIStatusBarHidden = YES;
				INFOPLIST_KEY_UISupportedInterfaceOrientations = "UIInterfaceOrientationLandscapeLeft UIInterfaceOrientationLandscapeRight";
				LD_RUNPATH_SEARCH_PATHS = (
					"$(inherited)",
					"@executable_path/Frameworks",
				);
				MARKETING_VERSION = 1.0;
				PRODUCT_BUNDLE_IDENTIFIER = "vn.edu.rmit.Cheems-Journey";
				PRODUCT_NAME = "$(TARGET_NAME)";
				SUPPORTED_PLATFORMS = "iphoneos iphonesimulator";
				SUPPORTS_MACCATALYST = NO;
				SUPPORTS_MAC_DESIGNED_FOR_IPHONE_IPAD = NO;
				SWIFT_EMIT_LOC_STRINGS = YES;
				SWIFT_VERSION = 5.0;
				TARGETED_DEVICE_FAMILY = "1,2";
			};
			name = Debug;
		};
		CECD3A912A9EF541001FDB9E /* Release */ = {
			isa = XCBuildConfiguration;
			buildSettings = {
				ASSETCATALOG_COMPILER_APPICON_NAME = AppIcon;
				ASSETCATALOG_COMPILER_GLOBAL_ACCENT_COLOR_NAME = AccentColor;
				CODE_SIGN_STYLE = Automatic;
				CURRENT_PROJECT_VERSION = 1;
				GENERATE_INFOPLIST_FILE = YES;
				INFOPLIST_FILE = "Cheems-Journey-Info.plist";
				INFOPLIST_KEY_UIApplicationSupportsIndirectInputEvents = YES;
				INFOPLIST_KEY_UILaunchStoryboardName = LaunchScreen;
				INFOPLIST_KEY_UIMainStoryboardFile = Main;
				INFOPLIST_KEY_UIStatusBarHidden = YES;
				INFOPLIST_KEY_UISupportedInterfaceOrientations = "UIInterfaceOrientationLandscapeLeft UIInterfaceOrientationLandscapeRight";
				LD_RUNPATH_SEARCH_PATHS = (
					"$(inherited)",
					"@executable_path/Frameworks",
				);
				MARKETING_VERSION = 1.0;
				PRODUCT_BUNDLE_IDENTIFIER = "vn.edu.rmit.Cheems-Journey";
				PRODUCT_NAME = "$(TARGET_NAME)";
				SUPPORTED_PLATFORMS = "iphoneos iphonesimulator";
				SUPPORTS_MACCATALYST = NO;
				SUPPORTS_MAC_DESIGNED_FOR_IPHONE_IPAD = NO;
				SWIFT_EMIT_LOC_STRINGS = YES;
				SWIFT_VERSION = 5.0;
				TARGETED_DEVICE_FAMILY = "1,2";
			};
			name = Release;
		};
/* End XCBuildConfiguration section */

/* Begin XCConfigurationList section */
		CECD3A732A9EF53F001FDB9E /* Build configuration list for PBXProject "Cheems Journey" */ = {
			isa = XCConfigurationList;
			buildConfigurations = (
				CECD3A8D2A9EF541001FDB9E /* Debug */,
				CECD3A8E2A9EF541001FDB9E /* Release */,
			);
			defaultConfigurationIsVisible = 0;
			defaultConfigurationName = Release;
		};
		CECD3A8F2A9EF541001FDB9E /* Build configuration list for PBXNativeTarget "Cheems Journey" */ = {
			isa = XCConfigurationList;
			buildConfigurations = (
				CECD3A902A9EF541001FDB9E /* Debug */,
				CECD3A912A9EF541001FDB9E /* Release */,
			);
			defaultConfigurationIsVisible = 0;
			defaultConfigurationName = Release;
		};
/* End XCConfigurationList section */
	};
	rootObject = CECD3A702A9EF53F001FDB9E /* Project object */;
}
